
Microsoft Visual Studio Solution File, Format Version 12.00
# Visual Studio Version 17
VisualStudioVersion = 17.0.31903.59
MinimumVisualStudioVersion = 10.0.40219.1
Project("{FAE04EC0-301F-11D3-BF4B-00C04F79EFBC}") = "HelloWorldMVC", "HelloWorldMVC\HelloWorldMVC.csproj", "{F1139198-C270-4C8A-B274-E6E2AD8F06D3}"
EndProject
Project("{2150E333-8FDC-42A3-9474-1A3956D46DE8}") = "src", "src", "{827E0CD3-B72D-47B6-A68D-7590B98EB39B}"
EndProject
Project("{2150E333-8FDC-42A3-9474-1A3956D46DE8}") = "wcf", "wcf", "{A54FE7D9-893A-4345-A118-14F30E786DC3}"
EndProject
Project("{FAE04EC0-301F-11D3-BF4B-00C04F79EFBC}") = "ImagePlatform.Wcf", "src\wcf\ImagePlatform.Wcf\ImagePlatform.Wcf.csproj", "{C4F80BC6-E8DF-4B20-BE66-8858225BCFBE}"
EndProject
Project("{FAE04EC0-301F-11D3-BF4B-00C04F79EFBC}") = "ImagePlatform.Tpl", "src\tpl\ImagePlatform.Tpl\ImagePlatform.Tpl.csproj", "{60D929BE-F31F-483E-98BD-85CD1CC79C11}"
EndProject
Project("{FAE04EC0-301F-11D3-BF4B-00C04F79EFBC}") = "ImagePlatform.Security", "src\security\ImagePlatform.Security\ImagePlatform.Security.csproj", "{EBFD62CE-3F4D-47B8-8CFE-3E3A3503DFC9}"
EndProject
Project("{FAE04EC0-301F-11D3-BF4B-00C04F79EFBC}") = "ImagePlatform.Rpc", "src\rpc\ImagePlatform.Rpc\ImagePlatform.Rpc.csproj", "{5589223A-3757-4FB2-B3B7-5F5E00D4C6BB}"
EndProject
Project("{2150E333-8FDC-42A3-9474-1A3956D46DE8}") = "worker", "worker", "{89BA21D6-604E-9DA1-5F6C-9062FD58212E}"
EndProject
Project("{FAE04EC0-301F-11D3-BF4B-00C04F79EFBC}") = "ImagePlatform.WorkerHost", "src\worker\ImagePlatform.WorkerHost\ImagePlatform.WorkerHost.csproj", "{4E43FDEF-5483-468F-9F41-9B0E36EC6271}"
EndProject
Global
	GlobalSection(SolutionConfigurationPlatforms) = preSolution
		Debug|Any CPU = Debug|Any CPU
		Debug|x64 = Debug|x64
		Debug|x86 = Debug|x86
		Release|Any CPU = Release|Any CPU
		Release|x64 = Release|x64
		Release|x86 = Release|x86
	EndGlobalSection
	GlobalSection(ProjectConfigurationPlatforms) = postSolution
		{F1139198-C270-4C8A-B274-E6E2AD8F06D3}.Debug|Any CPU.ActiveCfg = Debug|Any CPU
		{F1139198-C270-4C8A-B274-E6E2AD8F06D3}.Debug|Any CPU.Build.0 = Debug|Any CPU
		{F1139198-C270-4C8A-B274-E6E2AD8F06D3}.Debug|x64.ActiveCfg = Debug|Any CPU
		{F1139198-C270-4C8A-B274-E6E2AD8F06D3}.Debug|x64.Build.0 = Debug|Any CPU
		{F1139198-C270-4C8A-B274-E6E2AD8F06D3}.Debug|x86.ActiveCfg = Debug|Any CPU
		{F1139198-C270-4C8A-B274-E6E2AD8F06D3}.Debug|x86.Build.0 = Debug|Any CPU
		{F1139198-C270-4C8A-B274-E6E2AD8F06D3}.Release|Any CPU.ActiveCfg = Release|Any CPU
		{F1139198-C270-4C8A-B274-E6E2AD8F06D3}.Release|Any CPU.Build.0 = Release|Any CPU
		{F1139198-C270-4C8A-B274-E6E2AD8F06D3}.Release|x64.ActiveCfg = Release|Any CPU
		{F1139198-C270-4C8A-B274-E6E2AD8F06D3}.Release|x64.Build.0 = Release|Any CPU
		{F1139198-C270-4C8A-B274-E6E2AD8F06D3}.Release|x86.ActiveCfg = Release|Any CPU
		{F1139198-C270-4C8A-B274-E6E2AD8F06D3}.Release|x86.Build.0 = Release|Any CPU
		{C4F80BC6-E8DF-4B20-BE66-8858225BCFBE}.Debug|Any CPU.ActiveCfg = Debug|Any CPU
		{C4F80BC6-E8DF-4B20-BE66-8858225BCFBE}.Debug|Any CPU.Build.0 = Debug|Any CPU
		{C4F80BC6-E8DF-4B20-BE66-8858225BCFBE}.Debug|x64.ActiveCfg = Debug|Any CPU
		{C4F80BC6-E8DF-4B20-BE66-8858225BCFBE}.Debug|x64.Build.0 = Debug|Any CPU
		{C4F80BC6-E8DF-4B20-BE66-8858225BCFBE}.Debug|x86.ActiveCfg = Debug|Any CPU
		{C4F80BC6-E8DF-4B20-BE66-8858225BCFBE}.Debug|x86.Build.0 = Debug|Any CPU
		{C4F80BC6-E8DF-4B20-BE66-8858225BCFBE}.Release|Any CPU.ActiveCfg = Release|Any CPU
		{C4F80BC6-E8DF-4B20-BE66-8858225BCFBE}.Release|Any CPU.Build.0 = Release|Any CPU
		{C4F80BC6-E8DF-4B20-BE66-8858225BCFBE}.Release|x64.ActiveCfg = Release|Any CPU
		{C4F80BC6-E8DF-4B20-BE66-8858225BCFBE}.Release|x64.Build.0 = Release|Any CPU
		{C4F80BC6-E8DF-4B20-BE66-8858225BCFBE}.Release|x86.ActiveCfg = Release|Any CPU
		{C4F80BC6-E8DF-4B20-BE66-8858225BCFBE}.Release|x86.Build.0 = Release|Any CPU
		{60D929BE-F31F-483E-98BD-85CD1CC79C11}.Debug|Any CPU.ActiveCfg = Debug|Any CPU
		{60D929BE-F31F-483E-98BD-85CD1CC79C11}.Debug|Any CPU.Build.0 = Debug|Any CPU
		{60D929BE-F31F-483E-98BD-85CD1CC79C11}.Debug|x64.ActiveCfg = Debug|Any CPU
		{60D929BE-F31F-483E-98BD-85CD1CC79C11}.Debug|x64.Build.0 = Debug|Any CPU
		{60D929BE-F31F-483E-98BD-85CD1CC79C11}.Debug|x86.ActiveCfg = Debug|Any CPU
		{60D929BE-F31F-483E-98BD-85CD1CC79C11}.Debug|x86.Build.0 = Debug|Any CPU
		{60D929BE-F31F-483E-98BD-85CD1CC79C11}.Release|Any CPU.ActiveCfg = Release|Any CPU
		{60D929BE-F31F-483E-98BD-85CD1CC79C11}.Release|Any CPU.Build.0 = Release|Any CPU
		{60D929BE-F31F-483E-98BD-85CD1CC79C11}.Release|x64.ActiveCfg = Release|Any CPU
		{60D929BE-F31F-483E-98BD-85CD1CC79C11}.Release|x64.Build.0 = Release|Any CPU
		{60D929BE-F31F-483E-98BD-85CD1CC79C11}.Release|x86.ActiveCfg = Release|Any CPU
		{60D929BE-F31F-483E-98BD-85CD1CC79C11}.Release|x86.Build.0 = Release|Any CPU
		{EBFD62CE-3F4D-47B8-8CFE-3E3A3503DFC9}.Debug|Any CPU.ActiveCfg = Debug|Any CPU
		{EBFD62CE-3F4D-47B8-8CFE-3E3A3503DFC9}.Debug|Any CPU.Build.0 = Debug|Any CPU
		{EBFD62CE-3F4D-47B8-8CFE-3E3A3503DFC9}.Debug|x64.ActiveCfg = Debug|Any CPU
		{EBFD62CE-3F4D-47B8-8CFE-3E3A3503DFC9}.Debug|x64.Build.0 = Debug|Any CPU
		{EBFD62CE-3F4D-47B8-8CFE-3E3A3503DFC9}.Debug|x86.ActiveCfg = Debug|Any CPU
		{EBFD62CE-3F4D-47B8-8CFE-3E3A3503DFC9}.Debug|x86.Build.0 = Debug|Any CPU
		{EBFD62CE-3F4D-47B8-8CFE-3E3A3503DFC9}.Release|Any CPU.ActiveCfg = Release|Any CPU
		{EBFD62CE-3F4D-47B8-8CFE-3E3A3503DFC9}.Release|Any CPU.Build.0 = Release|Any CPU
		{EBFD62CE-3F4D-47B8-8CFE-3E3A3503DFC9}.Release|x64.ActiveCfg = Release|Any CPU
		{EBFD62CE-3F4D-47B8-8CFE-3E3A3503DFC9}.Release|x64.Build.0 = Release|Any CPU
		{EBFD62CE-3F4D-47B8-8CFE-3E3A3503DFC9}.Release|x86.ActiveCfg = Release|Any CPU
		{EBFD62CE-3F4D-47B8-8CFE-3E3A3503DFC9}.Release|x86.Build.0 = Release|Any CPU
		{5589223A-3757-4FB2-B3B7-5F5E00D4C6BB}.Debug|Any CPU.ActiveCfg = Debug|Any CPU
		{5589223A-3757-4FB2-B3B7-5F5E00D4C6BB}.Debug|Any CPU.Build.0 = Debug|Any CPU
		{5589223A-3757-4FB2-B3B7-5F5E00D4C6BB}.Debug|x64.ActiveCfg = Debug|Any CPU
		{5589223A-3757-4FB2-B3B7-5F5E00D4C6BB}.Debug|x64.Build.0 = Debug|Any CPU
		{5589223A-3757-4FB2-B3B7-5F5E00D4C6BB}.Debug|x86.ActiveCfg = Debug|Any CPU
		{5589223A-3757-4FB2-B3B7-5F5E00D4C6BB}.Debug|x86.Build.0 = Debug|Any CPU
		{5589223A-3757-4FB2-B3B7-5F5E00D4C6BB}.Release|Any CPU.ActiveCfg = Release|Any CPU
		{5589223A-3757-4FB2-B3B7-5F5E00D4C6BB}.Release|Any CPU.Build.0 = Release|Any CPU
		{5589223A-3757-4FB2-B3B7-5F5E00D4C6BB}.Release|x64.ActiveCfg = Release|Any CPU
		{5589223A-3757-4FB2-B3B7-5F5E00D4C6BB}.Release|x64.Build.0 = Release|Any CPU
		{5589223A-3757-4FB2-B3B7-5F5E00D4C6BB}.Release|x86.ActiveCfg = Release|Any CPU
		{5589223A-3757-4FB2-B3B7-5F5E00D4C6BB}.Release|x86.Build.0 = Release|Any CPU
		{4E43FDEF-5483-468F-9F41-9B0E36EC6271}.Debug|Any CPU.ActiveCfg = Debug|Any CPU
		{4E43FDEF-5483-468F-9F41-9B0E36EC6271}.Debug|Any CPU.Build.0 = Debug|Any CPU
		{4E43FDEF-5483-468F-9F41-9B0E36EC6271}.Debug|x64.ActiveCfg = Debug|Any CPU
		{4E43FDEF-5483-468F-9F41-9B0E36EC6271}.Debug|x64.Build.0 = Debug|Any CPU
		{4E43FDEF-5483-468F-9F41-9B0E36EC6271}.Debug|x86.ActiveCfg = Debug|Any CPU
		{4E43FDEF-5483-468F-9F41-9B0E36EC6271}.Debug|x86.Build.0 = Debug|Any CPU
		{4E43FDEF-5483-468F-9F41-9B0E36EC6271}.Release|Any CPU.ActiveCfg = Release|Any CPU
		{4E43FDEF-5483-468F-9F41-9B0E36EC6271}.Release|Any CPU.Build.0 = Release|Any CPU
		{4E43FDEF-5483-468F-9F41-9B0E36EC6271}.Release|x64.ActiveCfg = Release|Any CPU
		{4E43FDEF-5483-468F-9F41-9B0E36EC6271}.Release|x64.Build.0 = Release|Any CPU
		{4E43FDEF-5483-468F-9F41-9B0E36EC6271}.Release|x86.ActiveCfg = Release|Any CPU
		{4E43FDEF-5483-468F-9F41-9B0E36EC6271}.Release|x86.Build.0 = Release|Any CPU
	EndGlobalSection
	GlobalSection(SolutionProperties) = preSolution
		HideSolutionNode = FALSE
	EndGlobalSection
	GlobalSection(NestedProjects) = preSolution
		{A54FE7D9-893A-4345-A118-14F30E786DC3} = {827E0CD3-B72D-47B6-A68D-7590B98EB39B}
		{C4F80BC6-E8DF-4B20-BE66-8858225BCFBE} = {A54FE7D9-893A-4345-A118-14F30E786DC3}
		{60D929BE-F31F-483E-98BD-85CD1CC79C11} = {A54FE7D9-893A-4345-A118-14F30E786DC3}
		{EBFD62CE-3F4D-47B8-8CFE-3E3A3503DFC9} = {A54FE7D9-893A-4345-A118-14F30E786DC3}
		{5589223A-3757-4FB2-B3B7-5F5E00D4C6BB} = {A54FE7D9-893A-4345-A118-14F30E786DC3}
		{89BA21D6-604E-9DA1-5F6C-9062FD58212E} = {827E0CD3-B72D-47B6-A68D-7590B98EB39B}
		{4E43FDEF-5483-468F-9F41-9B0E36EC6271} = {89BA21D6-604E-9DA1-5F6C-9062FD58212E}
	EndGlobalSection
EndGlobal
